
Microsoft Visual Studio Solution File, Format Version 12.00
# Visual Studio Version 17
VisualStudioVersion = 17.9.34902.65
MinimumVisualStudioVersion = 10.0.40219.1
Project("{FAE04EC0-301F-11D3-BF4B-00C04F79EFBC}") = "LC_SevenSin", "LC_SevenSin.csproj", "{5DE94B5F-9C85-41D6-B4BC-D64E0D4F9E22}"
EndProject
Global
	GlobalSection(SolutionConfigurationPlatforms) = preSolution
		Debug|Any CPU = Debug|Any CPU
		Release|Any CPU = Release|Any CPU
	EndGlobalSection
	GlobalSection(ProjectConfigurationPlatforms) = postSolution
		{5DE94B5F-9C85-41D6-B4BC-D64E0D4F9E22}.Debug|Any CPU.ActiveCfg = Debug|Any CPU
		{5DE94B5F-9C85-41D6-B4BC-D64E0D4F9E22}.Debug|Any CPU.Build.0 = Debug|Any CPU
		{5DE94B5F-9C85-41D6-B4BC-D64E0D4F9E22}.Release|Any CPU.ActiveCfg = Release|Any CPU
		{5DE94B5F-9C85-41D6-B4BC-D64E0D4F9E22}.Release|Any CPU.Build.0 = Release|Any CPU
	EndGlobalSection
	GlobalSection(SolutionProperties) = preSolution
		HideSolutionNode = FALSE
	EndGlobalSection
	GlobalSection(ExtensibilityGlobals) = postSolution
		SolutionGuid = {8CDA3782-F0FB-4E26-B760-26EEF06C3BE4}
	EndGlobalSection
EndGlobal
